
Microsoft Visual Studio Solution File, Format Version 12.00
# Visual Studio Version 17
VisualStudioVersion = 17.9.34714.143
MinimumVisualStudioVersion = 10.0.40219.1
Project("{FAE04EC0-301F-11D3-BF4B-00C04F79EFBC}") = "primerApi", "primerApi\primerApi.csproj", "{B45C5133-FF13-45B6-907D-0E4B1492367D}"
EndProject
Global
	GlobalSection(SolutionConfigurationPlatforms) = preSolution
		Debug|Any CPU = Debug|Any CPU
		Release|Any CPU = Release|Any CPU
	EndGlobalSection
	GlobalSection(ProjectConfigurationPlatforms) = postSolution
		{B45C5133-FF13-45B6-907D-0E4B1492367D}.Debug|Any CPU.ActiveCfg = Debug|Any CPU
		{B45C5133-FF13-45B6-907D-0E4B1492367D}.Debug|Any CPU.Build.0 = Debug|Any CPU
		{B45C5133-FF13-45B6-907D-0E4B1492367D}.Release|Any CPU.ActiveCfg = Release|Any CPU
		{B45C5133-FF13-45B6-907D-0E4B1492367D}.Release|Any CPU.Build.0 = Release|Any CPU
	EndGlobalSection
	GlobalSection(SolutionProperties) = preSolution
		HideSolutionNode = FALSE
	EndGlobalSection
	GlobalSection(ExtensibilityGlobals) = postSolution
		SolutionGuid = {BB0B20F6-7F87-45C0-8AF5-3C2C6FE0CB26}
	EndGlobalSection
EndGlobal
